// !$*UTF8*$!
{
	archiveVersion = 1;
	classes = {
	};
	objectVersion = 48;
	objects = {

/* Begin PBXBuildFile section */
		31D46D5900B6CF367B88FD9B /* Pods_RxSubjectUITests.framework in Frameworks */ = {isa = PBXBuildFile; fileRef = 26BD6E2B5C25B97341BD4571 /* Pods_RxSubjectUITests.framework */; };
		54805EC33125BE15967E72D9 /* Pods_RxSubject.framework in Frameworks */ = {isa = PBXBuildFile; fileRef = A5EC3B7B5202B5ADA5B2BC67 /* Pods_RxSubject.framework */; };
		68CE852B4C009A79B9169322 /* Pods_RxSubjectTests.framework in Frameworks */ = {isa = PBXBuildFile; fileRef = 2B95ED8DAF686889EB606D0E /* Pods_RxSubjectTests.framework */; };
		8BD0712D1FD7D3C50029B1C9 /* BannerView.swift in Sources */ = {isa = PBXBuildFile; fileRef = 8BD0712C1FD7D3C40029B1C9 /* BannerView.swift */; };
		8BD071321FD7D7A50029B1C9 /* Item.swift in Sources */ = {isa = PBXBuildFile; fileRef = 8BD071311FD7D7A50029B1C9 /* Item.swift */; };
		8BD071341FD7D7B30029B1C9 /* ItemListViewController.swift in Sources */ = {isa = PBXBuildFile; fileRef = 8BD071331FD7D7B30029B1C9 /* ItemListViewController.swift */; };
		8BD071361FD7D7FE0029B1C9 /* ItemCell.swift in Sources */ = {isa = PBXBuildFile; fileRef = 8BD071351FD7D7FE0029B1C9 /* ItemCell.swift */; };
		8BD0713A1FD7D9410029B1C9 /* TableDataSource.swift in Sources */ = {isa = PBXBuildFile; fileRef = 8BD071391FD7D9410029B1C9 /* TableDataSource.swift */; };
		8BD0713C1FD7DEE20029B1C9 /* CollectionDataSource.swift in Sources */ = {isa = PBXBuildFile; fileRef = 8BD0713B1FD7DEE20029B1C9 /* CollectionDataSource.swift */; };
		8BD91ACD1FD77D8400839B71 /* AppDelegate.swift in Sources */ = {isa = PBXBuildFile; fileRef = 8BD91ACC1FD77D8400839B71 /* AppDelegate.swift */; };
		8BD91AD41FD77D8400839B71 /* Assets.xcassets in Resources */ = {isa = PBXBuildFile; fileRef = 8BD91AD31FD77D8400839B71 /* Assets.xcassets */; };
		8BD91AD71FD77D8400839B71 /* LaunchScreen.storyboard in Resources */ = {isa = PBXBuildFile; fileRef = 8BD91AD51FD77D8400839B71 /* LaunchScreen.storyboard */; };
		8BD91AE21FD77D8400839B71 /* RxSubjectTests.swift in Sources */ = {isa = PBXBuildFile; fileRef = 8BD91AE11FD77D8400839B71 /* RxSubjectTests.swift */; };
		8BD91AED1FD77D8400839B71 /* RxSubjectUITests.swift in Sources */ = {isa = PBXBuildFile; fileRef = 8BD91AEC1FD77D8400839B71 /* RxSubjectUITests.swift */; };
/* End PBXBuildFile section */

/* Begin PBXContainerItemProxy section */
		8BD91ADE1FD77D8400839B71 /* PBXContainerItemProxy */ = {
			isa = PBXContainerItemProxy;
			containerPortal = 8BD91AC11FD77D8400839B71 /* Project object */;
			proxyType = 1;
			remoteGlobalIDString = 8BD91AC81FD77D8400839B71;
			remoteInfo = RxSubject;
		};
		8BD91AE91FD77D8400839B71 /* PBXContainerItemProxy */ = {
			isa = PBXContainerItemProxy;
			containerPortal = 8BD91AC11FD77D8400839B71 /* Project object */;
			proxyType = 1;
			remoteGlobalIDString = 8BD91AC81FD77D8400839B71;
			remoteInfo = RxSubject;
		};
/* End PBXContainerItemProxy section */

/* Begin PBXFileReference section */
		070B4B04418B6FBAF682E351 /* Pods-RxSubjectUITests.debug.xcconfig */ = {isa = PBXFileReference; includeInIndex = 1; lastKnownFileType = text.xcconfig; name = "Pods-RxSubjectUITests.debug.xcconfig"; path = "Pods/Target Support Files/Pods-RxSubjectUITests/Pods-RxSubjectUITests.debug.xcconfig"; sourceTree = "<group>"; };
		26BD6E2B5C25B97341BD4571 /* Pods_RxSubjectUITests.framework */ = {isa = PBXFileReference; explicitFileType = wrapper.framework; includeInIndex = 0; path = Pods_RxSubjectUITests.framework; sourceTree = BUILT_PRODUCTS_DIR; };
		2B95ED8DAF686889EB606D0E /* Pods_RxSubjectTests.framework */ = {isa = PBXFileReference; explicitFileType = wrapper.framework; includeInIndex = 0; path = Pods_RxSubjectTests.framework; sourceTree = BUILT_PRODUCTS_DIR; };
		2E64C3141523D1308D56FD42 /* Pods-RxSubjectTests.debug.xcconfig */ = {isa = PBXFileReference; includeInIndex = 1; lastKnownFileType = text.xcconfig; name = "Pods-RxSubjectTests.debug.xcconfig"; path = "Pods/Target Support Files/Pods-RxSubjectTests/Pods-RxSubjectTests.debug.xcconfig"; sourceTree = "<group>"; };
		3670B8C12DA47E0BD58FA1BB /* Pods-RxSubject.release.xcconfig */ = {isa = PBXFileReference; includeInIndex = 1; lastKnownFileType = text.xcconfig; name = "Pods-RxSubject.release.xcconfig"; path = "Pods/Target Support Files/Pods-RxSubject/Pods-RxSubject.release.xcconfig"; sourceTree = "<group>"; };
		5DCB41D244CEDEEA17728290 /* Pods-RxSubjectTests.release.xcconfig */ = {isa = PBXFileReference; includeInIndex = 1; lastKnownFileType = text.xcconfig; name = "Pods-RxSubjectTests.release.xcconfig"; path = "Pods/Target Support Files/Pods-RxSubjectTests/Pods-RxSubjectTests.release.xcconfig"; sourceTree = "<group>"; };
		8BD0712C1FD7D3C40029B1C9 /* BannerView.swift */ = {isa = PBXFileReference; lastKnownFileType = sourcecode.swift; path = BannerView.swift; sourceTree = "<group>"; };
		8BD071311FD7D7A50029B1C9 /* Item.swift */ = {isa = PBXFileReference; lastKnownFileType = sourcecode.swift; path = Item.swift; sourceTree = "<group>"; };
		8BD071331FD7D7B30029B1C9 /* ItemListViewController.swift */ = {isa = PBXFileReference; lastKnownFileType = sourcecode.swift; path = ItemListViewController.swift; sourceTree = "<group>"; };
		8BD071351FD7D7FE0029B1C9 /* ItemCell.swift */ = {isa = PBXFileReference; lastKnownFileType = sourcecode.swift; path = ItemCell.swift; sourceTree = "<group>"; };
		8BD071391FD7D9410029B1C9 /* TableDataSource.swift */ = {isa = PBXFileReference; lastKnownFileType = sourcecode.swift; path = TableDataSource.swift; sourceTree = "<group>"; };
		8BD0713B1FD7DEE20029B1C9 /* CollectionDataSource.swift */ = {isa = PBXFileReference; fileEncoding = 4; lastKnownFileType = sourcecode.swift; path = CollectionDataSource.swift; sourceTree = "<group>"; };
		8BD91AC91FD77D8400839B71 /* RxSubject.app */ = {isa = PBXFileReference; explicitFileType = wrapper.application; includeInIndex = 0; path = RxSubject.app; sourceTree = BUILT_PRODUCTS_DIR; };
		8BD91ACC1FD77D8400839B71 /* AppDelegate.swift */ = {isa = PBXFileReference; lastKnownFileType = sourcecode.swift; path = AppDelegate.swift; sourceTree = "<group>"; };
		8BD91AD31FD77D8400839B71 /* Assets.xcassets */ = {isa = PBXFileReference; lastKnownFileType = folder.assetcatalog; path = Assets.xcassets; sourceTree = "<group>"; };
		8BD91AD61FD77D8400839B71 /* Base */ = {isa = PBXFileReference; lastKnownFileType = file.storyboard; name = Base; path = Base.lproj/LaunchScreen.storyboard; sourceTree = "<group>"; };
		8BD91AD81FD77D8400839B71 /* Info.plist */ = {isa = PBXFileReference; lastKnownFileType = text.plist.xml; path = Info.plist; sourceTree = "<group>"; };
		8BD91ADD1FD77D8400839B71 /* RxSubjectTests.xctest */ = {isa = PBXFileReference; explicitFileType = wrapper.cfbundle; includeInIndex = 0; path = RxSubjectTests.xctest; sourceTree = BUILT_PRODUCTS_DIR; };
		8BD91AE11FD77D8400839B71 /* RxSubjectTests.swift */ = {isa = PBXFileReference; lastKnownFileType = sourcecode.swift; path = RxSubjectTests.swift; sourceTree = "<group>"; };
		8BD91AE31FD77D8400839B71 /* Info.plist */ = {isa = PBXFileReference; lastKnownFileType = text.plist.xml; path = Info.plist; sourceTree = "<group>"; };
		8BD91AE81FD77D8400839B71 /* RxSubjectUITests.xctest */ = {isa = PBXFileReference; explicitFileType = wrapper.cfbundle; includeInIndex = 0; path = RxSubjectUITests.xctest; sourceTree = BUILT_PRODUCTS_DIR; };
		8BD91AEC1FD77D8400839B71 /* RxSubjectUITests.swift */ = {isa = PBXFileReference; lastKnownFileType = sourcecode.swift; path = RxSubjectUITests.swift; sourceTree = "<group>"; };
		8BD91AEE1FD77D8400839B71 /* Info.plist */ = {isa = PBXFileReference; lastKnownFileType = text.plist.xml; path = Info.plist; sourceTree = "<group>"; };
		A5EC3B7B5202B5ADA5B2BC67 /* Pods_RxSubject.framework */ = {isa = PBXFileReference; explicitFileType = wrapper.framework; includeInIndex = 0; path = Pods_RxSubject.framework; sourceTree = BUILT_PRODUCTS_DIR; };
		BBFB4F5AB01BF8B89DECF04C /* Pods-RxSubjectUITests.release.xcconfig */ = {isa = PBXFileReference; includeInIndex = 1; lastKnownFileType = text.xcconfig; name = "Pods-RxSubjectUITests.release.xcconfig"; path = "Pods/Target Support Files/Pods-RxSubjectUITests/Pods-RxSubjectUITests.release.xcconfig"; sourceTree = "<group>"; };
		DD64095178E77625D76630CF /* Pods-RxSubject.debug.xcconfig */ = {isa = PBXFileReference; includeInIndex = 1; lastKnownFileType = text.xcconfig; name = "Pods-RxSubject.debug.xcconfig"; path = "Pods/Target Support Files/Pods-RxSubject/Pods-RxSubject.debug.xcconfig"; sourceTree = "<group>"; };
/* End PBXFileReference section */

/* Begin PBXFrameworksBuildPhase section */
		8BD91AC61FD77D8400839B71 /* Frameworks */ = {
			isa = PBXFrameworksBuildPhase;
			buildActionMask = 2147483647;
			files = (
				54805EC33125BE15967E72D9 /* Pods_RxSubject.framework in Frameworks */,
			);
			runOnlyForDeploymentPostprocessing = 0;
		};
		8BD91ADA1FD77D8400839B71 /* Frameworks */ = {
			isa = PBXFrameworksBuildPhase;
			buildActionMask = 2147483647;
			files = (
				68CE852B4C009A79B9169322 /* Pods_RxSubjectTests.framework in Frameworks */,
			);
			runOnlyForDeploymentPostprocessing = 0;
		};
		8BD91AE51FD77D8400839B71 /* Frameworks */ = {
			isa = PBXFrameworksBuildPhase;
			buildActionMask = 2147483647;
			files = (
				31D46D5900B6CF367B88FD9B /* Pods_RxSubjectUITests.framework in Frameworks */,
			);
			runOnlyForDeploymentPostprocessing = 0;
		};
/* End PBXFrameworksBuildPhase section */

/* Begin PBXGroup section */
		7203D966BD5D240739ED894F /* Frameworks */ = {
			isa = PBXGroup;
			children = (
				A5EC3B7B5202B5ADA5B2BC67 /* Pods_RxSubject.framework */,
				2B95ED8DAF686889EB606D0E /* Pods_RxSubjectTests.framework */,
				26BD6E2B5C25B97341BD4571 /* Pods_RxSubjectUITests.framework */,
			);
			name = Frameworks;
			sourceTree = "<group>";
		};
		8BD071251FD7BD590029B1C9 /* Controller */ = {
			isa = PBXGroup;
			children = (
				8BD071331FD7D7B30029B1C9 /* ItemListViewController.swift */,
			);
			path = Controller;
			sourceTree = "<group>";
		};
		8BD071261FD7BD600029B1C9 /* Model */ = {
			isa = PBXGroup;
			children = (
				8BD071311FD7D7A50029B1C9 /* Item.swift */,
			);
			path = Model;
			sourceTree = "<group>";
		};
		8BD071271FD7BE5D0029B1C9 /* BannerView */ = {
			isa = PBXGroup;
			children = (
				8BD0712C1FD7D3C40029B1C9 /* BannerView.swift */,
			);
			path = BannerView;
			sourceTree = "<group>";
		};
		8BD0712B1FD7CC060029B1C9 /* View */ = {
			isa = PBXGroup;
			children = (
				8BD071271FD7BE5D0029B1C9 /* BannerView */,
				8BD071351FD7D7FE0029B1C9 /* ItemCell.swift */,
			);
			path = View;
			sourceTree = "<group>";
		};
		8BD071301FD7D7770029B1C9 /* Utils */ = {
			isa = PBXGroup;
			children = (
				8BD071391FD7D9410029B1C9 /* TableDataSource.swift */,
				8BD0713B1FD7DEE20029B1C9 /* CollectionDataSource.swift */,
			);
			path = Utils;
			sourceTree = "<group>";
		};
		8BD91AC01FD77D8300839B71 = {
			isa = PBXGroup;
			children = (
				8BD91ACB1FD77D8400839B71 /* RxSubject */,
				8BD91AE01FD77D8400839B71 /* RxSubjectTests */,
				8BD91AEB1FD77D8400839B71 /* RxSubjectUITests */,
				8BD91ACA1FD77D8400839B71 /* Products */,
				C35C40C21D2539A5CD7C5C52 /* Pods */,
				7203D966BD5D240739ED894F /* Frameworks */,
			);
			sourceTree = "<group>";
		};
		8BD91ACA1FD77D8400839B71 /* Products */ = {
			isa = PBXGroup;
			children = (
				8BD91AC91FD77D8400839B71 /* RxSubject.app */,
				8BD91ADD1FD77D8400839B71 /* RxSubjectTests.xctest */,
				8BD91AE81FD77D8400839B71 /* RxSubjectUITests.xctest */,
			);
			name = Products;
			sourceTree = "<group>";
		};
		8BD91ACB1FD77D8400839B71 /* RxSubject */ = {
			isa = PBXGroup;
			children = (
				8BD91ACC1FD77D8400839B71 /* AppDelegate.swift */,
				8BD071261FD7BD600029B1C9 /* Model */,
				8BD0712B1FD7CC060029B1C9 /* View */,
				8BD071251FD7BD590029B1C9 /* Controller */,
				8BD071301FD7D7770029B1C9 /* Utils */,
				8BD91AD51FD77D8400839B71 /* LaunchScreen.storyboard */,
				8BD91AD31FD77D8400839B71 /* Assets.xcassets */,
				8BD91AD81FD77D8400839B71 /* Info.plist */,
			);
			path = RxSubject;
			sourceTree = "<group>";
		};
		8BD91AE01FD77D8400839B71 /* RxSubjectTests */ = {
			isa = PBXGroup;
			children = (
				8BD91AE11FD77D8400839B71 /* RxSubjectTests.swift */,
				8BD91AE31FD77D8400839B71 /* Info.plist */,
			);
			path = RxSubjectTests;
			sourceTree = "<group>";
		};
		8BD91AEB1FD77D8400839B71 /* RxSubjectUITests */ = {
			isa = PBXGroup;
			children = (
				8BD91AEC1FD77D8400839B71 /* RxSubjectUITests.swift */,
				8BD91AEE1FD77D8400839B71 /* Info.plist */,
			);
			path = RxSubjectUITests;
			sourceTree = "<group>";
		};
		C35C40C21D2539A5CD7C5C52 /* Pods */ = {
			isa = PBXGroup;
			children = (
				DD64095178E77625D76630CF /* Pods-RxSubject.debug.xcconfig */,
				3670B8C12DA47E0BD58FA1BB /* Pods-RxSubject.release.xcconfig */,
				2E64C3141523D1308D56FD42 /* Pods-RxSubjectTests.debug.xcconfig */,
				5DCB41D244CEDEEA17728290 /* Pods-RxSubjectTests.release.xcconfig */,
				070B4B04418B6FBAF682E351 /* Pods-RxSubjectUITests.debug.xcconfig */,
				BBFB4F5AB01BF8B89DECF04C /* Pods-RxSubjectUITests.release.xcconfig */,
			);
			name = Pods;
			sourceTree = "<group>";
		};
/* End PBXGroup section */

/* Begin PBXNativeTarget section */
		8BD91AC81FD77D8400839B71 /* RxSubject */ = {
			isa = PBXNativeTarget;
			buildConfigurationList = 8BD91AF11FD77D8400839B71 /* Build configuration list for PBXNativeTarget "RxSubject" */;
			buildPhases = (
				90A3DEFE032206C541963943 /* [CP] Check Pods Manifest.lock */,
				8BD91AC51FD77D8400839B71 /* Sources */,
				8BD91AC61FD77D8400839B71 /* Frameworks */,
				8BD91AC71FD77D8400839B71 /* Resources */,
				FC36A7C06CE08F381AB41DA5 /* [CP] Embed Pods Frameworks */,
				81C426DDC92AB748ABBE10C2 /* [CP] Copy Pods Resources */,
			);
			buildRules = (
			);
			dependencies = (
			);
			name = RxSubject;
			productName = RxSubject;
			productReference = 8BD91AC91FD77D8400839B71 /* RxSubject.app */;
			productType = "com.apple.product-type.application";
		};
		8BD91ADC1FD77D8400839B71 /* RxSubjectTests */ = {
			isa = PBXNativeTarget;
			buildConfigurationList = 8BD91AF41FD77D8400839B71 /* Build configuration list for PBXNativeTarget "RxSubjectTests" */;
			buildPhases = (
				CA564C214368797359A8E666 /* [CP] Check Pods Manifest.lock */,
				8BD91AD91FD77D8400839B71 /* Sources */,
				8BD91ADA1FD77D8400839B71 /* Frameworks */,
				8BD91ADB1FD77D8400839B71 /* Resources */,
				38AB0D133D0DF154F3D4107C /* [CP] Embed Pods Frameworks */,
				FE6F2B87044E55522C5E5C00 /* [CP] Copy Pods Resources */,
			);
			buildRules = (
			);
			dependencies = (
				8BD91ADF1FD77D8400839B71 /* PBXTargetDependency */,
			);
			name = RxSubjectTests;
			productName = RxSubjectTests;
			productReference = 8BD91ADD1FD77D8400839B71 /* RxSubjectTests.xctest */;
			productType = "com.apple.product-type.bundle.unit-test";
		};
		8BD91AE71FD77D8400839B71 /* RxSubjectUITests */ = {
			isa = PBXNativeTarget;
			buildConfigurationList = 8BD91AF71FD77D8400839B71 /* Build configuration list for PBXNativeTarget "RxSubjectUITests" */;
			buildPhases = (
				6D9CFE0087329836D8D76DED /* [CP] Check Pods Manifest.lock */,
				8BD91AE41FD77D8400839B71 /* Sources */,
				8BD91AE51FD77D8400839B71 /* Frameworks */,
				8BD91AE61FD77D8400839B71 /* Resources */,
				5A3254218F1DD39563E9BF2B /* [CP] Embed Pods Frameworks */,
				3A240856A3E571F7FF85C2CA /* [CP] Copy Pods Resources */,
			);
			buildRules = (
			);
			dependencies = (
				8BD91AEA1FD77D8400839B71 /* PBXTargetDependency */,
			);
			name = RxSubjectUITests;
			productName = RxSubjectUITests;
			productReference = 8BD91AE81FD77D8400839B71 /* RxSubjectUITests.xctest */;
			productType = "com.apple.product-type.bundle.ui-testing";
		};
/* End PBXNativeTarget section */

/* Begin PBXProject section */
		8BD91AC11FD77D8400839B71 /* Project object */ = {
			isa = PBXProject;
			attributes = {
				LastSwiftUpdateCheck = 0910;
				LastUpgradeCheck = 0910;
				ORGANIZATIONNAME = smg;
				TargetAttributes = {
					8BD91AC81FD77D8400839B71 = {
						CreatedOnToolsVersion = 9.1;
						ProvisioningStyle = Automatic;
					};
					8BD91ADC1FD77D8400839B71 = {
						CreatedOnToolsVersion = 9.1;
						ProvisioningStyle = Automatic;
						TestTargetID = 8BD91AC81FD77D8400839B71;
					};
					8BD91AE71FD77D8400839B71 = {
						CreatedOnToolsVersion = 9.1;
						ProvisioningStyle = Automatic;
						TestTargetID = 8BD91AC81FD77D8400839B71;
					};
				};
			};
			buildConfigurationList = 8BD91AC41FD77D8400839B71 /* Build configuration list for PBXProject "RxSubject" */;
			compatibilityVersion = "Xcode 8.0";
			developmentRegion = en;
			hasScannedForEncodings = 0;
			knownRegions = (
				en,
				Base,
			);
			mainGroup = 8BD91AC01FD77D8300839B71;
			productRefGroup = 8BD91ACA1FD77D8400839B71 /* Products */;
			projectDirPath = "";
			projectRoot = "";
			targets = (
				8BD91AC81FD77D8400839B71 /* RxSubject */,
				8BD91ADC1FD77D8400839B71 /* RxSubjectTests */,
				8BD91AE71FD77D8400839B71 /* RxSubjectUITests */,
			);
		};
/* End PBXProject section */

/* Begin PBXResourcesBuildPhase section */
		8BD91AC71FD77D8400839B71 /* Resources */ = {
			isa = PBXResourcesBuildPhase;
			buildActionMask = 2147483647;
			files = (
				8BD91AD71FD77D8400839B71 /* LaunchScreen.storyboard in Resources */,
				8BD91AD41FD77D8400839B71 /* Assets.xcassets in Resources */,
			);
			runOnlyForDeploymentPostprocessing = 0;
		};
		8BD91ADB1FD77D8400839B71 /* Resources */ = {
			isa = PBXResourcesBuildPhase;
			buildActionMask = 2147483647;
			files = (
			);
			runOnlyForDeploymentPostprocessing = 0;
		};
		8BD91AE61FD77D8400839B71 /* Resources */ = {
			isa = PBXResourcesBuildPhase;
			buildActionMask = 2147483647;
			files = (
			);
			runOnlyForDeploymentPostprocessing = 0;
		};
/* End PBXResourcesBuildPhase section */

/* Begin PBXShellScriptBuildPhase section */
		38AB0D133D0DF154F3D4107C /* [CP] Embed Pods Frameworks */ = {
			isa = PBXShellScriptBuildPhase;
			buildActionMask = 2147483647;
			files = (
			);
			inputPaths = (
			);
			name = "[CP] Embed Pods Frameworks";
			outputPaths = (
			);
			runOnlyForDeploymentPostprocessing = 0;
			shellPath = /bin/sh;
			shellScript = "\"${SRCROOT}/Pods/Target Support Files/Pods-RxSubjectTests/Pods-RxSubjectTests-frameworks.sh\"\n";
			showEnvVarsInLog = 0;
		};
		3A240856A3E571F7FF85C2CA /* [CP] Copy Pods Resources */ = {
			isa = PBXShellScriptBuildPhase;
			buildActionMask = 2147483647;
			files = (
			);
			inputPaths = (
			);
			name = "[CP] Copy Pods Resources";
			outputPaths = (
			);
			runOnlyForDeploymentPostprocessing = 0;
			shellPath = /bin/sh;
			shellScript = "\"${SRCROOT}/Pods/Target Support Files/Pods-RxSubjectUITests/Pods-RxSubjectUITests-resources.sh\"\n";
			showEnvVarsInLog = 0;
		};
		5A3254218F1DD39563E9BF2B /* [CP] Embed Pods Frameworks */ = {
			isa = PBXShellScriptBuildPhase;
			buildActionMask = 2147483647;
			files = (
			);
			inputPaths = (
			);
			name = "[CP] Embed Pods Frameworks";
			outputPaths = (
			);
			runOnlyForDeploymentPostprocessing = 0;
			shellPath = /bin/sh;
			shellScript = "\"${SRCROOT}/Pods/Target Support Files/Pods-RxSubjectUITests/Pods-RxSubjectUITests-frameworks.sh\"\n";
			showEnvVarsInLog = 0;
		};
		6D9CFE0087329836D8D76DED /* [CP] Check Pods Manifest.lock */ = {
			isa = PBXShellScriptBuildPhase;
			buildActionMask = 2147483647;
			files = (
			);
			inputPaths = (
				"${PODS_PODFILE_DIR_PATH}/Podfile.lock",
				"${PODS_ROOT}/Manifest.lock",
			);
			name = "[CP] Check Pods Manifest.lock";
			outputPaths = (
				"$(DERIVED_FILE_DIR)/Pods-RxSubjectUITests-checkManifestLockResult.txt",
			);
			runOnlyForDeploymentPostprocessing = 0;
			shellPath = /bin/sh;
			shellScript = "diff \"${PODS_PODFILE_DIR_PATH}/Podfile.lock\" \"${PODS_ROOT}/Manifest.lock\" > /dev/null\nif [ $? != 0 ] ; then\n    # print error to STDERR\n    echo \"error: The sandbox is not in sync with the Podfile.lock. Run 'pod install' or update your CocoaPods installation.\" >&2\n    exit 1\nfi\n# This output is used by Xcode 'outputs' to avoid re-running this script phase.\necho \"SUCCESS\" > \"${SCRIPT_OUTPUT_FILE_0}\"\n";
			showEnvVarsInLog = 0;
		};
		81C426DDC92AB748ABBE10C2 /* [CP] Copy Pods Resources */ = {
			isa = PBXShellScriptBuildPhase;
			buildActionMask = 2147483647;
			files = (
			);
			inputPaths = (
			);
			name = "[CP] Copy Pods Resources";
			outputPaths = (
			);
			runOnlyForDeploymentPostprocessing = 0;
			shellPath = /bin/sh;
			shellScript = "\"${SRCROOT}/Pods/Target Support Files/Pods-RxSubject/Pods-RxSubject-resources.sh\"\n";
			showEnvVarsInLog = 0;
		};
		90A3DEFE032206C541963943 /* [CP] Check Pods Manifest.lock */ = {
			isa = PBXShellScriptBuildPhase;
			buildActionMask = 2147483647;
			files = (
			);
			inputPaths = (
				"${PODS_PODFILE_DIR_PATH}/Podfile.lock",
				"${PODS_ROOT}/Manifest.lock",
			);
			name = "[CP] Check Pods Manifest.lock";
			outputPaths = (
				"$(DERIVED_FILE_DIR)/Pods-RxSubject-checkManifestLockResult.txt",
			);
			runOnlyForDeploymentPostprocessing = 0;
			shellPath = /bin/sh;
			shellScript = "diff \"${PODS_PODFILE_DIR_PATH}/Podfile.lock\" \"${PODS_ROOT}/Manifest.lock\" > /dev/null\nif [ $? != 0 ] ; then\n    # print error to STDERR\n    echo \"error: The sandbox is not in sync with the Podfile.lock. Run 'pod install' or update your CocoaPods installation.\" >&2\n    exit 1\nfi\n# This output is used by Xcode 'outputs' to avoid re-running this script phase.\necho \"SUCCESS\" > \"${SCRIPT_OUTPUT_FILE_0}\"\n";
			showEnvVarsInLog = 0;
		};
		CA564C214368797359A8E666 /* [CP] Check Pods Manifest.lock */ = {
			isa = PBXShellScriptBuildPhase;
			buildActionMask = 2147483647;
			files = (
			);
			inputPaths = (
				"${PODS_PODFILE_DIR_PATH}/Podfile.lock",
				"${PODS_ROOT}/Manifest.lock",
			);
			name = "[CP] Check Pods Manifest.lock";
			outputPaths = (
				"$(DERIVED_FILE_DIR)/Pods-RxSubjectTests-checkManifestLockResult.txt",
			);
			runOnlyForDeploymentPostprocessing = 0;
			shellPath = /bin/sh;
			shellScript = "diff \"${PODS_PODFILE_DIR_PATH}/Podfile.lock\" \"${PODS_ROOT}/Manifest.lock\" > /dev/null\nif [ $? != 0 ] ; then\n    # print error to STDERR\n    echo \"error: The sandbox is not in sync with the Podfile.lock. Run 'pod install' or update your CocoaPods installation.\" >&2\n    exit 1\nfi\n# This output is used by Xcode 'outputs' to avoid re-running this script phase.\necho \"SUCCESS\" > \"${SCRIPT_OUTPUT_FILE_0}\"\n";
			showEnvVarsInLog = 0;
		};
		FC36A7C06CE08F381AB41DA5 /* [CP] Embed Pods Frameworks */ = {
			isa = PBXShellScriptBuildPhase;
			buildActionMask = 2147483647;
			files = (
			);
			inputPaths = (
				"${SRCROOT}/Pods/Target Support Files/Pods-RxSubject/Pods-RxSubject-frameworks.sh",
				"${BUILT_PRODUCTS_DIR}/RxCocoa/RxCocoa.framework",
				"${BUILT_PRODUCTS_DIR}/RxSwift/RxSwift.framework",
				"${BUILT_PRODUCTS_DIR}/SnapKit/SnapKit.framework",
				"${BUILT_PRODUCTS_DIR}/Then/Then.framework",
				"${BUILT_PRODUCTS_DIR}/UIBaseKit/UIBaseKit.framework",
			);
			name = "[CP] Embed Pods Frameworks";
			outputPaths = (
				"${TARGET_BUILD_DIR}/${FRAMEWORKS_FOLDER_PATH}/RxCocoa.framework",
				"${TARGET_BUILD_DIR}/${FRAMEWORKS_FOLDER_PATH}/RxSwift.framework",
				"${TARGET_BUILD_DIR}/${FRAMEWORKS_FOLDER_PATH}/SnapKit.framework",
				"${TARGET_BUILD_DIR}/${FRAMEWORKS_FOLDER_PATH}/Then.framework",
				"${TARGET_BUILD_DIR}/${FRAMEWORKS_FOLDER_PATH}/UIBaseKit.framework",
			);
			runOnlyForDeploymentPostprocessing = 0;
			shellPath = /bin/sh;
			shellScript = "\"${SRCROOT}/Pods/Target Support Files/Pods-RxSubject/Pods-RxSubject-frameworks.sh\"\n";
			showEnvVarsInLog = 0;
		};
		FE6F2B87044E55522C5E5C00 /* [CP] Copy Pods Resources */ = {
			isa = PBXShellScriptBuildPhase;
			buildActionMask = 2147483647;
			files = (
			);
			inputPaths = (
			);
			name = "[CP] Copy Pods Resources";
			outputPaths = (
			);
			runOnlyForDeploymentPostprocessing = 0;
			shellPath = /bin/sh;
			shellScript = "\"${SRCROOT}/Pods/Target Support Files/Pods-RxSubjectTests/Pods-RxSubjectTests-resources.sh\"\n";
			showEnvVarsInLog = 0;
		};
/* End PBXShellScriptBuildPhase section */

/* Begin PBXSourcesBuildPhase section */
		8BD91AC51FD77D8400839B71 /* Sources */ = {
			isa = PBXSourcesBuildPhase;
			buildActionMask = 2147483647;
			files = (
				8BD0713A1FD7D9410029B1C9 /* TableDataSource.swift in Sources */,
				8BD071361FD7D7FE0029B1C9 /* ItemCell.swift in Sources */,
				8BD0712D1FD7D3C50029B1C9 /* BannerView.swift in Sources */,
				8BD071341FD7D7B30029B1C9 /* ItemListViewController.swift in Sources */,
				8BD0713C1FD7DEE20029B1C9 /* CollectionDataSource.swift in Sources */,
				8BD91ACD1FD77D8400839B71 /* AppDelegate.swift in Sources */,
				8BD071321FD7D7A50029B1C9 /* Item.swift in Sources */,
			);
			runOnlyForDeploymentPostprocessing = 0;
		};
		8BD91AD91FD77D8400839B71 /* Sources */ = {
			isa = PBXSourcesBuildPhase;
			buildActionMask = 2147483647;
			files = (
				8BD91AE21FD77D8400839B71 /* RxSubjectTests.swift in Sources */,
			);
			runOnlyForDeploymentPostprocessing = 0;
		};
		8BD91AE41FD77D8400839B71 /* Sources */ = {
			isa = PBXSourcesBuildPhase;
			buildActionMask = 2147483647;
			files = (
				8BD91AED1FD77D8400839B71 /* RxSubjectUITests.swift in Sources */,
			);
			runOnlyForDeploymentPostprocessing = 0;
		};
/* End PBXSourcesBuildPhase section */

/* Begin PBXTargetDependency section */
		8BD91ADF1FD77D8400839B71 /* PBXTargetDependency */ = {
			isa = PBXTargetDependency;
			target = 8BD91AC81FD77D8400839B71 /* RxSubject */;
			targetProxy = 8BD91ADE1FD77D8400839B71 /* PBXContainerItemProxy */;
		};
		8BD91AEA1FD77D8400839B71 /* PBXTargetDependency */ = {
			isa = PBXTargetDependency;
			target = 8BD91AC81FD77D8400839B71 /* RxSubject */;
			targetProxy = 8BD91AE91FD77D8400839B71 /* PBXContainerItemProxy */;
		};
/* End PBXTargetDependency section */

/* Begin PBXVariantGroup section */
		8BD91AD51FD77D8400839B71 /* LaunchScreen.storyboard */ = {
			isa = PBXVariantGroup;
			children = (
				8BD91AD61FD77D8400839B71 /* Base */,
			);
			name = LaunchScreen.storyboard;
			sourceTree = "<group>";
		};
/* End PBXVariantGroup section */

/* Begin XCBuildConfiguration section */
		8BD91AEF1FD77D8400839B71 /* Debug */ = {
			isa = XCBuildConfiguration;
			buildSettings = {
				ALWAYS_SEARCH_USER_PATHS = NO;
				CLANG_ANALYZER_NONNULL = YES;
				CLANG_ANALYZER_NUMBER_OBJECT_CONVERSION = YES_AGGRESSIVE;
				CLANG_CXX_LANGUAGE_STANDARD = "gnu++14";
				CLANG_CXX_LIBRARY = "libc++";
				CLANG_ENABLE_MODULES = YES;
				CLANG_ENABLE_OBJC_ARC = YES;
				CLANG_WARN_BLOCK_CAPTURE_AUTORELEASING = YES;
				CLANG_WARN_BOOL_CONVERSION = YES;
				CLANG_WARN_COMMA = YES;
				CLANG_WARN_CONSTANT_CONVERSION = YES;
				CLANG_WARN_DIRECT_OBJC_ISA_USAGE = YES_ERROR;
				CLANG_WARN_DOCUMENTATION_COMMENTS = YES;
				CLANG_WARN_EMPTY_BODY = YES;
				CLANG_WARN_ENUM_CONVERSION = YES;
				CLANG_WARN_INFINITE_RECURSION = YES;
				CLANG_WARN_INT_CONVERSION = YES;
				CLANG_WARN_NON_LITERAL_NULL_CONVERSION = YES;
				CLANG_WARN_OBJC_LITERAL_CONVERSION = YES;
				CLANG_WARN_OBJC_ROOT_CLASS = YES_ERROR;
				CLANG_WARN_RANGE_LOOP_ANALYSIS = YES;
				CLANG_WARN_STRICT_PROTOTYPES = YES;
				CLANG_WARN_SUSPICIOUS_MOVE = YES;
				CLANG_WARN_UNGUARDED_AVAILABILITY = YES_AGGRESSIVE;
				CLANG_WARN_UNREACHABLE_CODE = YES;
				CLANG_WARN__DUPLICATE_METHOD_MATCH = YES;
				CODE_SIGN_IDENTITY = "iPhone Developer";
				COPY_PHASE_STRIP = NO;
				DEBUG_INFORMATION_FORMAT = dwarf;
				ENABLE_STRICT_OBJC_MSGSEND = YES;
				ENABLE_TESTABILITY = YES;
				GCC_C_LANGUAGE_STANDARD = gnu11;
				GCC_DYNAMIC_NO_PIC = NO;
				GCC_NO_COMMON_BLOCKS = YES;
				GCC_OPTIMIZATION_LEVEL = 0;
				GCC_PREPROCESSOR_DEFINITIONS = (
					"DEBUG=1",
					"$(inherited)",
				);
				GCC_WARN_64_TO_32_BIT_CONVERSION = YES;
				GCC_WARN_ABOUT_RETURN_TYPE = YES_ERROR;
				GCC_WARN_UNDECLARED_SELECTOR = YES;
				GCC_WARN_UNINITIALIZED_AUTOS = YES_AGGRESSIVE;
				GCC_WARN_UNUSED_FUNCTION = YES;
				GCC_WARN_UNUSED_VARIABLE = YES;
				IPHONEOS_DEPLOYMENT_TARGET = 11.1;
				MTL_ENABLE_DEBUG_INFO = YES;
				ONLY_ACTIVE_ARCH = YES;
				SDKROOT = iphoneos;
				SWIFT_ACTIVE_COMPILATION_CONDITIONS = DEBUG;
				SWIFT_OPTIMIZATION_LEVEL = "-Onone";
			};
			name = Debug;
		};
		8BD91AF01FD77D8400839B71 /* Release */ = {
			isa = XCBuildConfiguration;
			buildSettings = {
				ALWAYS_SEARCH_USER_PATHS = NO;
				CLANG_ANALYZER_NONNULL = YES;
				CLANG_ANALYZER_NUMBER_OBJECT_CONVERSION = YES_AGGRESSIVE;
				CLANG_CXX_LANGUAGE_STANDARD = "gnu++14";
				CLANG_CXX_LIBRARY = "libc++";
				CLANG_ENABLE_MODULES = YES;
				CLANG_ENABLE_OBJC_ARC = YES;
				CLANG_WARN_BLOCK_CAPTURE_AUTORELEASING = YES;
				CLANG_WARN_BOOL_CONVERSION = YES;
				CLANG_WARN_COMMA = YES;
				CLANG_WARN_CONSTANT_CONVERSION = YES;
				CLANG_WARN_DIRECT_OBJC_ISA_USAGE = YES_ERROR;
				CLANG_WARN_DOCUMENTATION_COMMENTS = YES;
				CLANG_WARN_EMPTY_BODY = YES;
				CLANG_WARN_ENUM_CONVERSION = YES;
				CLANG_WARN_INFINITE_RECURSION = YES;
				CLANG_WARN_INT_CONVERSION = YES;
				CLANG_WARN_NON_LITERAL_NULL_CONVERSION = YES;
				CLANG_WARN_OBJC_LITERAL_CONVERSION = YES;
				CLANG_WARN_OBJC_ROOT_CLASS = YES_ERROR;
				CLANG_WARN_RANGE_LOOP_ANALYSIS = YES;
				CLANG_WARN_STRICT_PROTOTYPES = YES;
				CLANG_WARN_SUSPICIOUS_MOVE = YES;
				CLANG_WARN_UNGUARDED_AVAILABILITY = YES_AGGRESSIVE;
				CLANG_WARN_UNREACHABLE_CODE = YES;
				CLANG_WARN__DUPLICATE_METHOD_MATCH = YES;
				CODE_SIGN_IDENTITY = "iPhone Developer";
				COPY_PHASE_STRIP = NO;
				DEBUG_INFORMATION_FORMAT = "dwarf-with-dsym";
				ENABLE_NS_ASSERTIONS = NO;
				ENABLE_STRICT_OBJC_MSGSEND = YES;
				GCC_C_LANGUAGE_STANDARD = gnu11;
				GCC_NO_COMMON_BLOCKS = YES;
				GCC_WARN_64_TO_32_BIT_CONVERSION = YES;
				GCC_WARN_ABOUT_RETURN_TYPE = YES_ERROR;
				GCC_WARN_UNDECLARED_SELECTOR = YES;
				GCC_WARN_UNINITIALIZED_AUTOS = YES_AGGRESSIVE;
				GCC_WARN_UNUSED_FUNCTION = YES;
				GCC_WARN_UNUSED_VARIABLE = YES;
				IPHONEOS_DEPLOYMENT_TARGET = 11.1;
				MTL_ENABLE_DEBUG_INFO = NO;
				SDKROOT = iphoneos;
				SWIFT_OPTIMIZATION_LEVEL = "-Owholemodule";
				VALIDATE_PRODUCT = YES;
			};
			name = Release;
		};
		8BD91AF21FD77D8400839B71 /* Debug */ = {
			isa = XCBuildConfiguration;
			baseConfigurationReference = DD64095178E77625D76630CF /* Pods-RxSubject.debug.xcconfig */;
			buildSettings = {
				ASSETCATALOG_COMPILER_APPICON_NAME = AppIcon;
				CODE_SIGN_STYLE = Automatic;
				DEVELOPMENT_TEAM = CU3LKXLMCE;
				INFOPLIST_FILE = RxSubject/Info.plist;
				LD_RUNPATH_SEARCH_PATHS = "$(inherited) @executable_path/Frameworks";
				PRODUCT_BUNDLE_IDENTIFIER = smg.org.RxSubject;
				PRODUCT_NAME = "$(TARGET_NAME)";
				SWIFT_VERSION = 4.0;
				TARGETED_DEVICE_FAMILY = "1,2";
			};
			name = Debug;
		};
		8BD91AF31FD77D8400839B71 /* Release */ = {
			isa = XCBuildConfiguration;
			baseConfigurationReference = 3670B8C12DA47E0BD58FA1BB /* Pods-RxSubject.release.xcconfig */;
			buildSettings = {
				ASSETCATALOG_COMPILER_APPICON_NAME = AppIcon;
				CODE_SIGN_STYLE = Automatic;
				DEVELOPMENT_TEAM = CU3LKXLMCE;
				INFOPLIST_FILE = RxSubject/Info.plist;
				LD_RUNPATH_SEARCH_PATHS = "$(inherited) @executable_path/Frameworks";
				PRODUCT_BUNDLE_IDENTIFIER = smg.org.RxSubject;
				PRODUCT_NAME = "$(TARGET_NAME)";
				SWIFT_VERSION = 4.0;
				TARGETED_DEVICE_FAMILY = "1,2";
			};
			name = Release;
		};
		8BD91AF51FD77D8400839B71 /* Debug */ = {
			isa = XCBuildConfiguration;
			baseConfigurationReference = 2E64C3141523D1308D56FD42 /* Pods-RxSubjectTests.debug.xcconfig */;
			buildSettings = {
				ALWAYS_EMBED_SWIFT_STANDARD_LIBRARIES = YES;
				BUNDLE_LOADER = "$(TEST_HOST)";
				CODE_SIGN_STYLE = Automatic;
				INFOPLIST_FILE = RxSubjectTests/Info.plist;
				LD_RUNPATH_SEARCH_PATHS = "$(inherited) @executable_path/Frameworks @loader_path/Frameworks";
				PRODUCT_BUNDLE_IDENTIFIER = smg.org.RxSubjectTests;
				PRODUCT_NAME = "$(TARGET_NAME)";
				SWIFT_VERSION = 4.0;
				TARGETED_DEVICE_FAMILY = "1,2";
				TEST_HOST = "$(BUILT_PRODUCTS_DIR)/RxSubject.app/RxSubject";
			};
			name = Debug;
		};
		8BD91AF61FD77D8400839B71 /* Release */ = {
			isa = XCBuildConfiguration;
			baseConfigurationReference = 5DCB41D244CEDEEA17728290 /* Pods-RxSubjectTests.release.xcconfig */;
			buildSettings = {
				ALWAYS_EMBED_SWIFT_STANDARD_LIBRARIES = YES;
				BUNDLE_LOADER = "$(TEST_HOST)";
				CODE_SIGN_STYLE = Automatic;
				INFOPLIST_FILE = RxSubjectTests/Info.plist;
				LD_RUNPATH_SEARCH_PATHS = "$(inherited) @executable_path/Frameworks @loader_path/Frameworks";
				PRODUCT_BUNDLE_IDENTIFIER = smg.org.RxSubjectTests;
				PRODUCT_NAME = "$(TARGET_NAME)";
				SWIFT_VERSION = 4.0;
				TARGETED_DEVICE_FAMILY = "1,2";
				TEST_HOST = "$(BUILT_PRODUCTS_DIR)/RxSubject.app/RxSubject";
			};
			name = Release;
		};
		8BD91AF81FD77D8400839B71 /* Debug */ = {
			isa = XCBuildConfiguration;
			baseConfigurationReference = 070B4B04418B6FBAF682E351 /* Pods-RxSubjectUITests.debug.xcconfig */;
			buildSettings = {
				ALWAYS_EMBED_SWIFT_STANDARD_LIBRARIES = YES;
				CODE_SIGN_STYLE = Automatic;
				INFOPLIST_FILE = RxSubjectUITests/Info.plist;
				LD_RUNPATH_SEARCH_PATHS = "$(inherited) @executable_path/Frameworks @loader_path/Frameworks";
				PRODUCT_BUNDLE_IDENTIFIER = smg.org.RxSubjectUITests;
				PRODUCT_NAME = "$(TARGET_NAME)";
				SWIFT_VERSION = 4.0;
				TARGETED_DEVICE_FAMILY = "1,2";
				TEST_TARGET_NAME = RxSubject;
			};
			name = Debug;
		};
		8BD91AF91FD77D8400839B71 /* Release */ = {
			isa = XCBuildConfiguration;
			baseConfigurationReference = BBFB4F5AB01BF8B89DECF04C /* Pods-RxSubjectUITests.release.xcconfig */;
			buildSettings = {
				ALWAYS_EMBED_SWIFT_STANDARD_LIBRARIES = YES;
				CODE_SIGN_STYLE = Automatic;
				INFOPLIST_FILE = RxSubjectUITests/Info.plist;
				LD_RUNPATH_SEARCH_PATHS = "$(inherited) @executable_path/Frameworks @loader_path/Frameworks";
				PRODUCT_BUNDLE_IDENTIFIER = smg.org.RxSubjectUITests;
				PRODUCT_NAME = "$(TARGET_NAME)";
				SWIFT_VERSION = 4.0;
				TARGETED_DEVICE_FAMILY = "1,2";
				TEST_TARGET_NAME = RxSubject;
			};
			name = Release;
		};
/* End XCBuildConfiguration section */

/* Begin XCConfigurationList section */
		8BD91AC41FD77D8400839B71 /* Build configuration list for PBXProject "RxSubject" */ = {
			isa = XCConfigurationList;
			buildConfigurations = (
				8BD91AEF1FD77D8400839B71 /* Debug */,
				8BD91AF01FD77D8400839B71 /* Release */,
			);
			defaultConfigurationIsVisible = 0;
			defaultConfigurationName = Release;
		};
		8BD91AF11FD77D8400839B71 /* Build configuration list for PBXNativeTarget "RxSubject" */ = {
			isa = XCConfigurationList;
			buildConfigurations = (
				8BD91AF21FD77D8400839B71 /* Debug */,
				8BD91AF31FD77D8400839B71 /* Release */,
			);
			defaultConfigurationIsVisible = 0;
			defaultConfigurationName = Release;
		};
		8BD91AF41FD77D8400839B71 /* Build configuration list for PBXNativeTarget "RxSubjectTests" */ = {
			isa = XCConfigurationList;
			buildConfigurations = (
				8BD91AF51FD77D8400839B71 /* Debug */,
				8BD91AF61FD77D8400839B71 /* Release */,
			);
			defaultConfigurationIsVisible = 0;
			defaultConfigurationName = Release;
		};
		8BD91AF71FD77D8400839B71 /* Build configuration list for PBXNativeTarget "RxSubjectUITests" */ = {
			isa = XCConfigurationList;
			buildConfigurations = (
				8BD91AF81FD77D8400839B71 /* Debug */,
				8BD91AF91FD77D8400839B71 /* Release */,
			);
			defaultConfigurationIsVisible = 0;
			defaultConfigurationName = Release;
		};
/* End XCConfigurationList section */
	};
	rootObject = 8BD91AC11FD77D8400839B71 /* Project object */;
}
