PODS:
  - RxCocoa (4.0.0):
    - RxSwift (~> 4.0)
  - RxSwift (4.0.0)
  - SnapKit (4.0.0)
  - Then (2.3.0)
  - UIBaseKit (0.1.1)

DEPENDENCIES:
  - RxCocoa (~> 4.0)
  - RxSwift (~> 4.0)
  - SnapKit (~> 4.0.0)
  - Then
  - UIBaseKit

SPEC CHECKSUMS:
  RxCocoa: d62846ca96495d862fa4c59ea7d87e5031d7340e
  RxSwift: fd680d75283beb5e2559486f3c0ff852f0d35334
  SnapKit: a42d492c16e80209130a3379f73596c3454b7694
  Then: ee21c97b85ff6062b9b0080c9abb1eea46743345
  UIBaseKit: 9f8d9fb7119c8d01c2f7281eb27a6ab74009fefd

PODFILE CHECKSUM: 06c58556383efe952264cb5a3795ace4daafabad

COCOAPODS: 1.3.1
