// !$*UTF8*$!
{
	archiveVersion = 1;
	classes = {
	};
	objectVersion = 48;
	objects = {

/* Begin PBXBuildFile section */
		099903B3224C1AE0F69D5895 /* Pods_ApiSample.framework in Frameworks */ = {isa = PBXBuildFile; fileRef = 2ADE4E778B31B619D606864A /* Pods_ApiSample.framework */; };
		AA5367F01FD8DDA600C8FDE4 /* AppDelegate.swift in Sources */ = {isa = PBXBuildFile; fileRef = AA5367EF1FD8DDA600C8FDE4 /* AppDelegate.swift */; };
		AA5367F51FD8DDA600C8FDE4 /* Main.storyboard in Resources */ = {isa = PBXBuildFile; fileRef = AA5367F31FD8DDA600C8FDE4 /* Main.storyboard */; };
		AA5367F71FD8DDA600C8FDE4 /* Assets.xcassets in Resources */ = {isa = PBXBuildFile; fileRef = AA5367F61FD8DDA600C8FDE4 /* Assets.xcassets */; };
		AA5367FA1FD8DDA600C8FDE4 /* LaunchScreen.storyboard in Resources */ = {isa = PBXBuildFile; fileRef = AA5367F81FD8DDA600C8FDE4 /* LaunchScreen.storyboard */; };
		AA5368021FD8DE7C00C8FDE4 /* JSONDecoderViewController.swift in Sources */ = {isa = PBXBuildFile; fileRef = AA5368011FD8DE7C00C8FDE4 /* JSONDecoderViewController.swift */; };
		AAF244F41FD8DF2200758C71 /* Common.swift in Sources */ = {isa = PBXBuildFile; fileRef = AAF244F31FD8DF2200758C71 /* Common.swift */; };
		AAF244F61FD8E3E000758C71 /* CommonViewController.swift in Sources */ = {isa = PBXBuildFile; fileRef = AAF244F51FD8E3E000758C71 /* CommonViewController.swift */; };
		AAF244F91FD8E6A300758C71 /* JSONEncoderViewController.swift in Sources */ = {isa = PBXBuildFile; fileRef = AAF244F81FD8E6A300758C71 /* JSONEncoderViewController.swift */; };
		AAF244FC1FD8E81A00758C71 /* AlamofireViewController.swift in Sources */ = {isa = PBXBuildFile; fileRef = AAF244FB1FD8E81A00758C71 /* AlamofireViewController.swift */; };
		AAF244FF1FD8ED4700758C71 /* RxAlamofireViewController.swift in Sources */ = {isa = PBXBuildFile; fileRef = AAF244FE1FD8ED4700758C71 /* RxAlamofireViewController.swift */; };
		AAF245021FD8F6DF00758C71 /* MoyaCommon.swift in Sources */ = {isa = PBXBuildFile; fileRef = AAF245011FD8F6DF00758C71 /* MoyaCommon.swift */; };
		AAF245041FD8FA8A00758C71 /* MoyaViewController.swift in Sources */ = {isa = PBXBuildFile; fileRef = AAF245031FD8FA8A00758C71 /* MoyaViewController.swift */; };
		AAF245061FD9076E00758C71 /* MoyaObjectMapperViewController.swift in Sources */ = {isa = PBXBuildFile; fileRef = AAF245051FD9076E00758C71 /* MoyaObjectMapperViewController.swift */; };
		AAF245081FD9084100758C71 /* RxMoyaObjectMapperViewController.swift in Sources */ = {isa = PBXBuildFile; fileRef = AAF245071FD9084100758C71 /* RxMoyaObjectMapperViewController.swift */; };
/* End PBXBuildFile section */

/* Begin PBXFileReference section */
		01FCF9953D93FAFB3AC57E05 /* Pods-ApiSample.debug.xcconfig */ = {isa = PBXFileReference; includeInIndex = 1; lastKnownFileType = text.xcconfig; name = "Pods-ApiSample.debug.xcconfig"; path = "Pods/Target Support Files/Pods-ApiSample/Pods-ApiSample.debug.xcconfig"; sourceTree = "<group>"; };
		2ADE4E778B31B619D606864A /* Pods_ApiSample.framework */ = {isa = PBXFileReference; explicitFileType = wrapper.framework; includeInIndex = 0; path = Pods_ApiSample.framework; sourceTree = BUILT_PRODUCTS_DIR; };
		AA5367EC1FD8DDA600C8FDE4 /* ApiSample.app */ = {isa = PBXFileReference; explicitFileType = wrapper.application; includeInIndex = 0; path = ApiSample.app; sourceTree = BUILT_PRODUCTS_DIR; };
		AA5367EF1FD8DDA600C8FDE4 /* AppDelegate.swift */ = {isa = PBXFileReference; lastKnownFileType = sourcecode.swift; path = AppDelegate.swift; sourceTree = "<group>"; };
		AA5367F41FD8DDA600C8FDE4 /* Base */ = {isa = PBXFileReference; lastKnownFileType = file.storyboard; name = Base; path = Base.lproj/Main.storyboard; sourceTree = "<group>"; };
		AA5367F61FD8DDA600C8FDE4 /* Assets.xcassets */ = {isa = PBXFileReference; lastKnownFileType = folder.assetcatalog; path = Assets.xcassets; sourceTree = "<group>"; };
		AA5367F91FD8DDA600C8FDE4 /* Base */ = {isa = PBXFileReference; lastKnownFileType = file.storyboard; name = Base; path = Base.lproj/LaunchScreen.storyboard; sourceTree = "<group>"; };
		AA5367FB1FD8DDA600C8FDE4 /* Info.plist */ = {isa = PBXFileReference; lastKnownFileType = text.plist.xml; path = Info.plist; sourceTree = "<group>"; };
		AA5368011FD8DE7C00C8FDE4 /* JSONDecoderViewController.swift */ = {isa = PBXFileReference; lastKnownFileType = sourcecode.swift; path = JSONDecoderViewController.swift; sourceTree = "<group>"; };
		AAF244F31FD8DF2200758C71 /* Common.swift */ = {isa = PBXFileReference; lastKnownFileType = sourcecode.swift; path = Common.swift; sourceTree = "<group>"; };
		AAF244F51FD8E3E000758C71 /* CommonViewController.swift */ = {isa = PBXFileReference; lastKnownFileType = sourcecode.swift; path = CommonViewController.swift; sourceTree = "<group>"; };
		AAF244F81FD8E6A300758C71 /* JSONEncoderViewController.swift */ = {isa = PBXFileReference; lastKnownFileType = sourcecode.swift; path = JSONEncoderViewController.swift; sourceTree = "<group>"; };
		AAF244FB1FD8E81A00758C71 /* AlamofireViewController.swift */ = {isa = PBXFileReference; lastKnownFileType = sourcecode.swift; path = AlamofireViewController.swift; sourceTree = "<group>"; };
		AAF244FE1FD8ED4700758C71 /* RxAlamofireViewController.swift */ = {isa = PBXFileReference; lastKnownFileType = sourcecode.swift; path = RxAlamofireViewController.swift; sourceTree = "<group>"; };
		AAF245011FD8F6DF00758C71 /* MoyaCommon.swift */ = {isa = PBXFileReference; lastKnownFileType = sourcecode.swift; path = MoyaCommon.swift; sourceTree = "<group>"; };
		AAF245031FD8FA8A00758C71 /* MoyaViewController.swift */ = {isa = PBXFileReference; lastKnownFileType = sourcecode.swift; path = MoyaViewController.swift; sourceTree = "<group>"; };
		AAF245051FD9076E00758C71 /* MoyaObjectMapperViewController.swift */ = {isa = PBXFileReference; lastKnownFileType = sourcecode.swift; path = MoyaObjectMapperViewController.swift; sourceTree = "<group>"; };
		AAF245071FD9084100758C71 /* RxMoyaObjectMapperViewController.swift */ = {isa = PBXFileReference; lastKnownFileType = sourcecode.swift; path = RxMoyaObjectMapperViewController.swift; sourceTree = "<group>"; };
		C6B614BAEF439BFA57F180EA /* Pods-ApiSample.release.xcconfig */ = {isa = PBXFileReference; includeInIndex = 1; lastKnownFileType = text.xcconfig; name = "Pods-ApiSample.release.xcconfig"; path = "Pods/Target Support Files/Pods-ApiSample/Pods-ApiSample.release.xcconfig"; sourceTree = "<group>"; };
/* End PBXFileReference section */

/* Begin PBXFrameworksBuildPhase section */
		AA5367E91FD8DDA600C8FDE4 /* Frameworks */ = {
			isa = PBXFrameworksBuildPhase;
			buildActionMask = 2147483647;
			files = (
				099903B3224C1AE0F69D5895 /* Pods_ApiSample.framework in Frameworks */,
			);
			runOnlyForDeploymentPostprocessing = 0;
		};
/* End PBXFrameworksBuildPhase section */

/* Begin PBXGroup section */
		AA5367E31FD8DDA600C8FDE4 = {
			isa = PBXGroup;
			children = (
				AA5367EE1FD8DDA600C8FDE4 /* ApiSample */,
				AA5367ED1FD8DDA600C8FDE4 /* Products */,
				C83053590DF7C15D29D9C3CF /* Pods */,
				BF98B6186E8E162FC55F6094 /* Frameworks */,
			);
			sourceTree = "<group>";
		};
		AA5367ED1FD8DDA600C8FDE4 /* Products */ = {
			isa = PBXGroup;
			children = (
				AA5367EC1FD8DDA600C8FDE4 /* ApiSample.app */,
			);
			name = Products;
			sourceTree = "<group>";
		};
		AA5367EE1FD8DDA600C8FDE4 /* ApiSample */ = {
			isa = PBXGroup;
			children = (
				AAF245001FD8F6CD00758C71 /* Moya */,
				AAF244FD1FD8ED2900758C71 /* RxAlamofire */,
				AAF244FA1FD8E7FA00758C71 /* Alamofire */,
				AAF244F71FD8E67500758C71 /* Codable */,
				AA5367EF1FD8DDA600C8FDE4 /* AppDelegate.swift */,
				AA5367F31FD8DDA600C8FDE4 /* Main.storyboard */,
				AA5367F61FD8DDA600C8FDE4 /* Assets.xcassets */,
				AA5367F81FD8DDA600C8FDE4 /* LaunchScreen.storyboard */,
				AA5367FB1FD8DDA600C8FDE4 /* Info.plist */,
				AAF244F31FD8DF2200758C71 /* Common.swift */,
				AAF244F51FD8E3E000758C71 /* CommonViewController.swift */,
			);
			path = ApiSample;
			sourceTree = "<group>";
		};
		AAF244F71FD8E67500758C71 /* Codable */ = {
			isa = PBXGroup;
			children = (
				AA5368011FD8DE7C00C8FDE4 /* JSONDecoderViewController.swift */,
				AAF244F81FD8E6A300758C71 /* JSONEncoderViewController.swift */,
			);
			path = Codable;
			sourceTree = "<group>";
		};
		AAF244FA1FD8E7FA00758C71 /* Alamofire */ = {
			isa = PBXGroup;
			children = (
				AAF244FB1FD8E81A00758C71 /* AlamofireViewController.swift */,
			);
			path = Alamofire;
			sourceTree = "<group>";
		};
		AAF244FD1FD8ED2900758C71 /* RxAlamofire */ = {
			isa = PBXGroup;
			children = (
				AAF244FE1FD8ED4700758C71 /* RxAlamofireViewController.swift */,
			);
			path = RxAlamofire;
			sourceTree = "<group>";
		};
		AAF245001FD8F6CD00758C71 /* Moya */ = {
			isa = PBXGroup;
			children = (
				AAF245011FD8F6DF00758C71 /* MoyaCommon.swift */,
				AAF245031FD8FA8A00758C71 /* MoyaViewController.swift */,
				AAF245051FD9076E00758C71 /* MoyaObjectMapperViewController.swift */,
				AAF245071FD9084100758C71 /* RxMoyaObjectMapperViewController.swift */,
			);
			path = Moya;
			sourceTree = "<group>";
		};
		BF98B6186E8E162FC55F6094 /* Frameworks */ = {
			isa = PBXGroup;
			children = (
				2ADE4E778B31B619D606864A /* Pods_ApiSample.framework */,
			);
			name = Frameworks;
			sourceTree = "<group>";
		};
		C83053590DF7C15D29D9C3CF /* Pods */ = {
			isa = PBXGroup;
			children = (
				01FCF9953D93FAFB3AC57E05 /* Pods-ApiSample.debug.xcconfig */,
				C6B614BAEF439BFA57F180EA /* Pods-ApiSample.release.xcconfig */,
			);
			name = Pods;
			sourceTree = "<group>";
		};
/* End PBXGroup section */

/* Begin PBXNativeTarget section */
		AA5367EB1FD8DDA600C8FDE4 /* ApiSample */ = {
			isa = PBXNativeTarget;
			buildConfigurationList = AA5367FE1FD8DDA600C8FDE4 /* Build configuration list for PBXNativeTarget "ApiSample" */;
			buildPhases = (
				1C2F067BE188E388BB1C7999 /* [CP] Check Pods Manifest.lock */,
				AA5367E81FD8DDA600C8FDE4 /* Sources */,
				AA5367E91FD8DDA600C8FDE4 /* Frameworks */,
				AA5367EA1FD8DDA600C8FDE4 /* Resources */,
				A5C9445A5778B9F1CA72CB81 /* [CP] Embed Pods Frameworks */,
				A48FCD4B41F62D096B66C123 /* [CP] Copy Pods Resources */,
			);
			buildRules = (
			);
			dependencies = (
			);
			name = ApiSample;
			productName = ApiSample;
			productReference = AA5367EC1FD8DDA600C8FDE4 /* ApiSample.app */;
			productType = "com.apple.product-type.application";
		};
/* End PBXNativeTarget section */

/* Begin PBXProject section */
		AA5367E41FD8DDA600C8FDE4 /* Project object */ = {
			isa = PBXProject;
			attributes = {
				LastSwiftUpdateCheck = 0920;
				LastUpgradeCheck = 0920;
				ORGANIZATIONNAME = KxCoding;
				TargetAttributes = {
					AA5367EB1FD8DDA600C8FDE4 = {
						CreatedOnToolsVersion = 9.2;
						ProvisioningStyle = Automatic;
					};
				};
			};
			buildConfigurationList = AA5367E71FD8DDA600C8FDE4 /* Build configuration list for PBXProject "ApiSample" */;
			compatibilityVersion = "Xcode 8.0";
			developmentRegion = en;
			hasScannedForEncodings = 0;
			knownRegions = (
				en,
				Base,
			);
			mainGroup = AA5367E31FD8DDA600C8FDE4;
			productRefGroup = AA5367ED1FD8DDA600C8FDE4 /* Products */;
			projectDirPath = "";
			projectRoot = "";
			targets = (
				AA5367EB1FD8DDA600C8FDE4 /* ApiSample */,
			);
		};
/* End PBXProject section */

/* Begin PBXResourcesBuildPhase section */
		AA5367EA1FD8DDA600C8FDE4 /* Resources */ = {
			isa = PBXResourcesBuildPhase;
			buildActionMask = 2147483647;
			files = (
				AA5367FA1FD8DDA600C8FDE4 /* LaunchScreen.storyboard in Resources */,
				AA5367F71FD8DDA600C8FDE4 /* Assets.xcassets in Resources */,
				AA5367F51FD8DDA600C8FDE4 /* Main.storyboard in Resources */,
			);
			runOnlyForDeploymentPostprocessing = 0;
		};
/* End PBXResourcesBuildPhase section */

/* Begin PBXShellScriptBuildPhase section */
		1C2F067BE188E388BB1C7999 /* [CP] Check Pods Manifest.lock */ = {
			isa = PBXShellScriptBuildPhase;
			buildActionMask = 2147483647;
			files = (
			);
			inputPaths = (
				"${PODS_PODFILE_DIR_PATH}/Podfile.lock",
				"${PODS_ROOT}/Manifest.lock",
			);
			name = "[CP] Check Pods Manifest.lock";
			outputPaths = (
				"$(DERIVED_FILE_DIR)/Pods-ApiSample-checkManifestLockResult.txt",
			);
			runOnlyForDeploymentPostprocessing = 0;
			shellPath = /bin/sh;
			shellScript = "diff \"${PODS_PODFILE_DIR_PATH}/Podfile.lock\" \"${PODS_ROOT}/Manifest.lock\" > /dev/null\nif [ $? != 0 ] ; then\n    # print error to STDERR\n    echo \"error: The sandbox is not in sync with the Podfile.lock. Run 'pod install' or update your CocoaPods installation.\" >&2\n    exit 1\nfi\n# This output is used by Xcode 'outputs' to avoid re-running this script phase.\necho \"SUCCESS\" > \"${SCRIPT_OUTPUT_FILE_0}\"\n";
			showEnvVarsInLog = 0;
		};
		A48FCD4B41F62D096B66C123 /* [CP] Copy Pods Resources */ = {
			isa = PBXShellScriptBuildPhase;
			buildActionMask = 2147483647;
			files = (
			);
			inputPaths = (
			);
			name = "[CP] Copy Pods Resources";
			outputPaths = (
			);
			runOnlyForDeploymentPostprocessing = 0;
			shellPath = /bin/sh;
			shellScript = "\"${SRCROOT}/Pods/Target Support Files/Pods-ApiSample/Pods-ApiSample-resources.sh\"\n";
			showEnvVarsInLog = 0;
		};
		A5C9445A5778B9F1CA72CB81 /* [CP] Embed Pods Frameworks */ = {
			isa = PBXShellScriptBuildPhase;
			buildActionMask = 2147483647;
			files = (
			);
			inputPaths = (
				"${SRCROOT}/Pods/Target Support Files/Pods-ApiSample/Pods-ApiSample-frameworks.sh",
				"${BUILT_PRODUCTS_DIR}/Alamofire/Alamofire.framework",
				"${BUILT_PRODUCTS_DIR}/Moya/Moya.framework",
				"${BUILT_PRODUCTS_DIR}/Moya-ObjectMapper/Moya_ObjectMapper.framework",
				"${BUILT_PRODUCTS_DIR}/NSObject+Rx/NSObject_Rx.framework",
				"${BUILT_PRODUCTS_DIR}/ObjectMapper/ObjectMapper.framework",
				"${BUILT_PRODUCTS_DIR}/Result/Result.framework",
				"${BUILT_PRODUCTS_DIR}/RxAlamofire/RxAlamofire.framework",
				"${BUILT_PRODUCTS_DIR}/RxCocoa/RxCocoa.framework",
				"${BUILT_PRODUCTS_DIR}/RxSwift/RxSwift.framework",
				"${BUILT_PRODUCTS_DIR}/SwiftyJSON/SwiftyJSON.framework",
			);
			name = "[CP] Embed Pods Frameworks";
			outputPaths = (
				"${TARGET_BUILD_DIR}/${FRAMEWORKS_FOLDER_PATH}/Alamofire.framework",
				"${TARGET_BUILD_DIR}/${FRAMEWORKS_FOLDER_PATH}/Moya.framework",
				"${TARGET_BUILD_DIR}/${FRAMEWORKS_FOLDER_PATH}/Moya_ObjectMapper.framework",
				"${TARGET_BUILD_DIR}/${FRAMEWORKS_FOLDER_PATH}/NSObject_Rx.framework",
				"${TARGET_BUILD_DIR}/${FRAMEWORKS_FOLDER_PATH}/ObjectMapper.framework",
				"${TARGET_BUILD_DIR}/${FRAMEWORKS_FOLDER_PATH}/Result.framework",
				"${TARGET_BUILD_DIR}/${FRAMEWORKS_FOLDER_PATH}/RxAlamofire.framework",
				"${TARGET_BUILD_DIR}/${FRAMEWORKS_FOLDER_PATH}/RxCocoa.framework",
				"${TARGET_BUILD_DIR}/${FRAMEWORKS_FOLDER_PATH}/RxSwift.framework",
				"${TARGET_BUILD_DIR}/${FRAMEWORKS_FOLDER_PATH}/SwiftyJSON.framework",
			);
			runOnlyForDeploymentPostprocessing = 0;
			shellPath = /bin/sh;
			shellScript = "\"${SRCROOT}/Pods/Target Support Files/Pods-ApiSample/Pods-ApiSample-frameworks.sh\"\n";
			showEnvVarsInLog = 0;
		};
/* End PBXShellScriptBuildPhase section */

/* Begin PBXSourcesBuildPhase section */
		AA5367E81FD8DDA600C8FDE4 /* Sources */ = {
			isa = PBXSourcesBuildPhase;
			buildActionMask = 2147483647;
			files = (
				AAF244F91FD8E6A300758C71 /* JSONEncoderViewController.swift in Sources */,
				AAF244FF1FD8ED4700758C71 /* RxAlamofireViewController.swift in Sources */,
				AAF245021FD8F6DF00758C71 /* MoyaCommon.swift in Sources */,
				AAF244FC1FD8E81A00758C71 /* AlamofireViewController.swift in Sources */,
				AAF245081FD9084100758C71 /* RxMoyaObjectMapperViewController.swift in Sources */,
				AAF245041FD8FA8A00758C71 /* MoyaViewController.swift in Sources */,
				AA5367F01FD8DDA600C8FDE4 /* AppDelegate.swift in Sources */,
				AAF244F61FD8E3E000758C71 /* CommonViewController.swift in Sources */,
				AAF244F41FD8DF2200758C71 /* Common.swift in Sources */,
				AAF245061FD9076E00758C71 /* MoyaObjectMapperViewController.swift in Sources */,
				AA5368021FD8DE7C00C8FDE4 /* JSONDecoderViewController.swift in Sources */,
			);
			runOnlyForDeploymentPostprocessing = 0;
		};
/* End PBXSourcesBuildPhase section */

/* Begin PBXVariantGroup section */
		AA5367F31FD8DDA600C8FDE4 /* Main.storyboard */ = {
			isa = PBXVariantGroup;
			children = (
				AA5367F41FD8DDA600C8FDE4 /* Base */,
			);
			name = Main.storyboard;
			sourceTree = "<group>";
		};
		AA5367F81FD8DDA600C8FDE4 /* LaunchScreen.storyboard */ = {
			isa = PBXVariantGroup;
			children = (
				AA5367F91FD8DDA600C8FDE4 /* Base */,
			);
			name = LaunchScreen.storyboard;
			sourceTree = "<group>";
		};
/* End PBXVariantGroup section */

/* Begin XCBuildConfiguration section */
		AA5367FC1FD8DDA600C8FDE4 /* Debug */ = {
			isa = XCBuildConfiguration;
			buildSettings = {
				ALWAYS_SEARCH_USER_PATHS = NO;
				CLANG_ANALYZER_NONNULL = YES;
				CLANG_ANALYZER_NUMBER_OBJECT_CONVERSION = YES_AGGRESSIVE;
				CLANG_CXX_LANGUAGE_STANDARD = "gnu++14";
				CLANG_CXX_LIBRARY = "libc++";
				CLANG_ENABLE_MODULES = YES;
				CLANG_ENABLE_OBJC_ARC = YES;
				CLANG_WARN_BLOCK_CAPTURE_AUTORELEASING = YES;
				CLANG_WARN_BOOL_CONVERSION = YES;
				CLANG_WARN_COMMA = YES;
				CLANG_WARN_CONSTANT_CONVERSION = YES;
				CLANG_WARN_DIRECT_OBJC_ISA_USAGE = YES_ERROR;
				CLANG_WARN_DOCUMENTATION_COMMENTS = YES;
				CLANG_WARN_EMPTY_BODY = YES;
				CLANG_WARN_ENUM_CONVERSION = YES;
				CLANG_WARN_INFINITE_RECURSION = YES;
				CLANG_WARN_INT_CONVERSION = YES;
				CLANG_WARN_NON_LITERAL_NULL_CONVERSION = YES;
				CLANG_WARN_OBJC_LITERAL_CONVERSION = YES;
				CLANG_WARN_OBJC_ROOT_CLASS = YES_ERROR;
				CLANG_WARN_RANGE_LOOP_ANALYSIS = YES;
				CLANG_WARN_STRICT_PROTOTYPES = YES;
				CLANG_WARN_SUSPICIOUS_MOVE = YES;
				CLANG_WARN_UNGUARDED_AVAILABILITY = YES_AGGRESSIVE;
				CLANG_WARN_UNREACHABLE_CODE = YES;
				CLANG_WARN__DUPLICATE_METHOD_MATCH = YES;
				CODE_SIGN_IDENTITY = "iPhone Developer";
				COPY_PHASE_STRIP = NO;
				DEBUG_INFORMATION_FORMAT = dwarf;
				ENABLE_STRICT_OBJC_MSGSEND = YES;
				ENABLE_TESTABILITY = YES;
				GCC_C_LANGUAGE_STANDARD = gnu11;
				GCC_DYNAMIC_NO_PIC = NO;
				GCC_NO_COMMON_BLOCKS = YES;
				GCC_OPTIMIZATION_LEVEL = 0;
				GCC_PREPROCESSOR_DEFINITIONS = (
					"DEBUG=1",
					"$(inherited)",
				);
				GCC_WARN_64_TO_32_BIT_CONVERSION = YES;
				GCC_WARN_ABOUT_RETURN_TYPE = YES_ERROR;
				GCC_WARN_UNDECLARED_SELECTOR = YES;
				GCC_WARN_UNINITIALIZED_AUTOS = YES_AGGRESSIVE;
				GCC_WARN_UNUSED_FUNCTION = YES;
				GCC_WARN_UNUSED_VARIABLE = YES;
				IPHONEOS_DEPLOYMENT_TARGET = 11.2;
				MTL_ENABLE_DEBUG_INFO = YES;
				ONLY_ACTIVE_ARCH = YES;
				SDKROOT = iphoneos;
				SWIFT_ACTIVE_COMPILATION_CONDITIONS = DEBUG;
				SWIFT_OPTIMIZATION_LEVEL = "-Onone";
			};
			name = Debug;
		};
		AA5367FD1FD8DDA600C8FDE4 /* Release */ = {
			isa = XCBuildConfiguration;
			buildSettings = {
				ALWAYS_SEARCH_USER_PATHS = NO;
				CLANG_ANALYZER_NONNULL = YES;
				CLANG_ANALYZER_NUMBER_OBJECT_CONVERSION = YES_AGGRESSIVE;
				CLANG_CXX_LANGUAGE_STANDARD = "gnu++14";
				CLANG_CXX_LIBRARY = "libc++";
				CLANG_ENABLE_MODULES = YES;
				CLANG_ENABLE_OBJC_ARC = YES;
				CLANG_WARN_BLOCK_CAPTURE_AUTORELEASING = YES;
				CLANG_WARN_BOOL_CONVERSION = YES;
				CLANG_WARN_COMMA = YES;
				CLANG_WARN_CONSTANT_CONVERSION = YES;
				CLANG_WARN_DIRECT_OBJC_ISA_USAGE = YES_ERROR;
				CLANG_WARN_DOCUMENTATION_COMMENTS = YES;
				CLANG_WARN_EMPTY_BODY = YES;
				CLANG_WARN_ENUM_CONVERSION = YES;
				CLANG_WARN_INFINITE_RECURSION = YES;
				CLANG_WARN_INT_CONVERSION = YES;
				CLANG_WARN_NON_LITERAL_NULL_CONVERSION = YES;
				CLANG_WARN_OBJC_LITERAL_CONVERSION = YES;
				CLANG_WARN_OBJC_ROOT_CLASS = YES_ERROR;
				CLANG_WARN_RANGE_LOOP_ANALYSIS = YES;
				CLANG_WARN_STRICT_PROTOTYPES = YES;
				CLANG_WARN_SUSPICIOUS_MOVE = YES;
				CLANG_WARN_UNGUARDED_AVAILABILITY = YES_AGGRESSIVE;
				CLANG_WARN_UNREACHABLE_CODE = YES;
				CLANG_WARN__DUPLICATE_METHOD_MATCH = YES;
				CODE_SIGN_IDENTITY = "iPhone Developer";
				COPY_PHASE_STRIP = NO;
				DEBUG_INFORMATION_FORMAT = "dwarf-with-dsym";
				ENABLE_NS_ASSERTIONS = NO;
				ENABLE_STRICT_OBJC_MSGSEND = YES;
				GCC_C_LANGUAGE_STANDARD = gnu11;
				GCC_NO_COMMON_BLOCKS = YES;
				GCC_WARN_64_TO_32_BIT_CONVERSION = YES;
				GCC_WARN_ABOUT_RETURN_TYPE = YES_ERROR;
				GCC_WARN_UNDECLARED_SELECTOR = YES;
				GCC_WARN_UNINITIALIZED_AUTOS = YES_AGGRESSIVE;
				GCC_WARN_UNUSED_FUNCTION = YES;
				GCC_WARN_UNUSED_VARIABLE = YES;
				IPHONEOS_DEPLOYMENT_TARGET = 11.2;
				MTL_ENABLE_DEBUG_INFO = NO;
				SDKROOT = iphoneos;
				SWIFT_OPTIMIZATION_LEVEL = "-Owholemodule";
				VALIDATE_PRODUCT = YES;
			};
			name = Release;
		};
		AA5367FF1FD8DDA600C8FDE4 /* Debug */ = {
			isa = XCBuildConfiguration;
			baseConfigurationReference = 01FCF9953D93FAFB3AC57E05 /* Pods-ApiSample.debug.xcconfig */;
			buildSettings = {
				ASSETCATALOG_COMPILER_APPICON_NAME = AppIcon;
				CODE_SIGN_STYLE = Automatic;
				DEVELOPMENT_TEAM = 6GG6YUX8VB;
				INFOPLIST_FILE = ApiSample/Info.plist;
				LD_RUNPATH_SEARCH_PATHS = "$(inherited) @executable_path/Frameworks";
				PRODUCT_BUNDLE_IDENTIFIER = com.kxcoding.ApiSample;
				PRODUCT_NAME = "$(TARGET_NAME)";
				SWIFT_VERSION = 4.0;
				TARGETED_DEVICE_FAMILY = "1,2";
			};
			name = Debug;
		};
		AA5368001FD8DDA600C8FDE4 /* Release */ = {
			isa = XCBuildConfiguration;
			baseConfigurationReference = C6B614BAEF439BFA57F180EA /* Pods-ApiSample.release.xcconfig */;
			buildSettings = {
				ASSETCATALOG_COMPILER_APPICON_NAME = AppIcon;
				CODE_SIGN_STYLE = Automatic;
				DEVELOPMENT_TEAM = 6GG6YUX8VB;
				INFOPLIST_FILE = ApiSample/Info.plist;
				LD_RUNPATH_SEARCH_PATHS = "$(inherited) @executable_path/Frameworks";
				PRODUCT_BUNDLE_IDENTIFIER = com.kxcoding.ApiSample;
				PRODUCT_NAME = "$(TARGET_NAME)";
				SWIFT_VERSION = 4.0;
				TARGETED_DEVICE_FAMILY = "1,2";
			};
			name = Release;
		};
/* End XCBuildConfiguration section */

/* Begin XCConfigurationList section */
		AA5367E71FD8DDA600C8FDE4 /* Build configuration list for PBXProject "ApiSample" */ = {
			isa = XCConfigurationList;
			buildConfigurations = (
				AA5367FC1FD8DDA600C8FDE4 /* Debug */,
				AA5367FD1FD8DDA600C8FDE4 /* Release */,
			);
			defaultConfigurationIsVisible = 0;
			defaultConfigurationName = Release;
		};
		AA5367FE1FD8DDA600C8FDE4 /* Build configuration list for PBXNativeTarget "ApiSample" */ = {
			isa = XCConfigurationList;
			buildConfigurations = (
				AA5367FF1FD8DDA600C8FDE4 /* Debug */,
				AA5368001FD8DDA600C8FDE4 /* Release */,
			);
			defaultConfigurationIsVisible = 0;
			defaultConfigurationName = Release;
		};
/* End XCConfigurationList section */
	};
	rootObject = AA5367E41FD8DDA600C8FDE4 /* Project object */;
}
